Microsoft Visual Studio Solution File, Format Version 12.00
# Visual Studio 15
VisualStudioVersion = 15.0.28307.106
MinimumVisualStudioVersion = 10.0.40219.1
Project("{9A19103F-16F7-4668-BE54-9A1E7A4F7556}") = "FT_Optix_Datalogger1000_secInfluxDB3_dotnet_ChatGPT", "FT_Optix_Datalogger1000_secInfluxDB3_dotnet_ChatGPT.csproj", "{45878DB5-A629-15C9-12DE-B62254898A68}"
EndProject
Global
    GlobalSection(SolutionConfigurationPlatforms) = preSolution
        Debug|Any CPU = Debug|Any CPU
        Release|Any CPU = Release|Any CPU
    EndGlobalSection
    GlobalSection(ProjectConfigurationPlatforms) = postSolution
        {45878DB5-A629-15C9-12DE-B62254898A68}.Debug|Any CPU.ActiveCfg = Debug|Any CPU
        {45878DB5-A629-15C9-12DE-B62254898A68}.Debug|Any CPU.Build.0 = Debug|Any CPU
        {45878DB5-A629-15C9-12DE-B62254898A68}.Release|Any CPU.ActiveCfg = Release|Any CPU
        {45878DB5-A629-15C9-12DE-B62254898A68}.Release|Any CPU.Build.0 = Release|Any CPU
    EndGlobalSection
    GlobalSection(SolutionProperties) = preSolution
        HideSolutionNode = FALSE
    EndGlobalSection
EndGlobal
